
Microsoft Visual Studio Solution File, Format Version 12.00
# Visual Studio 15
Project("{FAE04EC0-301F-11D3-BF4B-00C04F79EFBC}") = "testovik", "testovik.csproj", "{00CC7560-C3C5-4B4D-AA47-B305CD47143F}"
EndProject
Global
	GlobalSection(SolutionConfigurationPlatforms) = preSolution
		Debug|Any CPU = Debug|Any CPU
		Release|Any CPU = Release|Any CPU
	EndGlobalSection
	GlobalSection(ProjectConfigurationPlatforms) = postSolution
		{00CC7560-C3C5-4B4D-AA47-B305CD47143F}.Debug|Any CPU.ActiveCfg = Debug|Any CPU
		{00CC7560-C3C5-4B4D-AA47-B305CD47143F}.Debug|Any CPU.Build.0 = Debug|Any CPU
		{00CC7560-C3C5-4B4D-AA47-B305CD47143F}.Release|Any CPU.ActiveCfg = Release|Any CPU
		{00CC7560-C3C5-4B4D-AA47-B305CD47143F}.Release|Any CPU.Build.0 = Release|Any CPU
	EndGlobalSection
EndGlobal
